
Microsoft Visual Studio Solution File, Format Version 12.00
# Visual Studio Version 16
VisualStudioVersion = 16.0.29311.281
MinimumVisualStudioVersion = 10.0.40219.1
Project("{FAE04EC0-301F-11D3-BF4B-00C04F79EFBC}") = "Compare3Nums", "Compare3Nums\Compare3Nums.csproj", "{307A3E10-FB92-4C9B-83BD-2D6035961481}"
EndProject
Global
	GlobalSection(SolutionConfigurationPlatforms) = preSolution
		Debug|Any CPU = Debug|Any CPU
		Release|Any CPU = Release|Any CPU
	EndGlobalSection
	GlobalSection(ProjectConfigurationPlatforms) = postSolution
		{307A3E10-FB92-4C9B-83BD-2D6035961481}.Debug|Any CPU.ActiveCfg = Debug|Any CPU
		{307A3E10-FB92-4C9B-83BD-2D6035961481}.Debug|Any CPU.Build.0 = Debug|Any CPU
		{307A3E10-FB92-4C9B-83BD-2D6035961481}.Release|Any CPU.ActiveCfg = Release|Any CPU
		{307A3E10-FB92-4C9B-83BD-2D6035961481}.Release|Any CPU.Build.0 = Release|Any CPU
	EndGlobalSection
	GlobalSection(SolutionProperties) = preSolution
		HideSolutionNode = FALSE
	EndGlobalSection
	GlobalSection(ExtensibilityGlobals) = postSolution
		SolutionGuid = {1079929B-6BA7-444E-BAF3-A20F5AF8A0C1}
	EndGlobalSection
EndGlobal
